
Microsoft Visual Studio Solution File, Format Version 12.00
# Visual Studio Version 17
VisualStudioVersion = 17.7.33711.374
MinimumVisualStudioVersion = 10.0.40219.1
Project("{9A19103F-16F7-4668-BE54-9A1E7A4F7556}") = "OptionToStringGenerator", "OptionToStringGenerator\OptionToStringGenerator.csproj", "{E3E6AB00-6577-485F-9A44-D1DA5CAE2C64}"
EndProject
Project("{2150E333-8FDC-42A3-9474-1A3956D46DE8}") = "tests", "tests", "{99912C0D-6045-4C1B-A246-94CF7B504B90}"
EndProject
Project("{9A19103F-16F7-4668-BE54-9A1E7A4F7556}") = "unit", "tests\unit\unit.csproj", "{F9000378-51E2-458F-997D-DD7CE9668311}"
EndProject
Project("{9A19103F-16F7-4668-BE54-9A1E7A4F7556}") = "integration", "tests\integration\integration.csproj", "{63ADC5FF-5C3A-48F8-824C-0A3D07BE5FB7}"
EndProject
Project("{9A19103F-16F7-4668-BE54-9A1E7A4F7556}") = "Attributes", "Attributes\Attributes.csproj", "{467DEE32-6C59-45B9-B9F9-E2DD473B4E8B}"
EndProject
Project("{9A19103F-16F7-4668-BE54-9A1E7A4F7556}") = "integrationNuGet", "tests\integrationNuGet\integrationNuGet.csproj", "{E1124878-55D0-428E-B1E4-13E5B2301E06}"
EndProject
Global
	GlobalSection(SolutionConfigurationPlatforms) = preSolution
		Debug|Any CPU = Debug|Any CPU
		Debug|x64 = Debug|x64
		Debug|x86 = Debug|x86
		Release|Any CPU = Release|Any CPU
		Release|x64 = Release|x64
		Release|x86 = Release|x86
	EndGlobalSection
	GlobalSection(ProjectConfigurationPlatforms) = postSolution
		{E3E6AB00-6577-485F-9A44-D1DA5CAE2C64}.Debug|Any CPU.ActiveCfg = Debug|Any CPU
		{E3E6AB00-6577-485F-9A44-D1DA5CAE2C64}.Debug|Any CPU.Build.0 = Debug|Any CPU
		{E3E6AB00-6577-485F-9A44-D1DA5CAE2C64}.Debug|x64.ActiveCfg = Debug|Any CPU
		{E3E6AB00-6577-485F-9A44-D1DA5CAE2C64}.Debug|x64.Build.0 = Debug|Any CPU
		{E3E6AB00-6577-485F-9A44-D1DA5CAE2C64}.Debug|x86.ActiveCfg = Debug|Any CPU
		{E3E6AB00-6577-485F-9A44-D1DA5CAE2C64}.Debug|x86.Build.0 = Debug|Any CPU
		{E3E6AB00-6577-485F-9A44-D1DA5CAE2C64}.Release|Any CPU.ActiveCfg = Release|Any CPU
		{E3E6AB00-6577-485F-9A44-D1DA5CAE2C64}.Release|Any CPU.Build.0 = Release|Any CPU
		{E3E6AB00-6577-485F-9A44-D1DA5CAE2C64}.Release|x64.ActiveCfg = Release|Any CPU
		{E3E6AB00-6577-485F-9A44-D1DA5CAE2C64}.Release|x64.Build.0 = Release|Any CPU
		{E3E6AB00-6577-485F-9A44-D1DA5CAE2C64}.Release|x86.ActiveCfg = Release|Any CPU
		{E3E6AB00-6577-485F-9A44-D1DA5CAE2C64}.Release|x86.Build.0 = Release|Any CPU
		{F9000378-51E2-458F-997D-DD7CE9668311}.Debug|Any CPU.ActiveCfg = Debug|Any CPU
		{F9000378-51E2-458F-997D-DD7CE9668311}.Debug|Any CPU.Build.0 = Debug|Any CPU
		{F9000378-51E2-458F-997D-DD7CE9668311}.Debug|x64.ActiveCfg = Debug|Any CPU
		{F9000378-51E2-458F-997D-DD7CE9668311}.Debug|x64.Build.0 = Debug|Any CPU
		{F9000378-51E2-458F-997D-DD7CE9668311}.Debug|x86.ActiveCfg = Debug|Any CPU
		{F9000378-51E2-458F-997D-DD7CE9668311}.Debug|x86.Build.0 = Debug|Any CPU
		{F9000378-51E2-458F-997D-DD7CE9668311}.Release|Any CPU.ActiveCfg = Release|Any CPU
		{F9000378-51E2-458F-997D-DD7CE9668311}.Release|Any CPU.Build.0 = Release|Any CPU
		{F9000378-51E2-458F-997D-DD7CE9668311}.Release|x64.ActiveCfg = Release|Any CPU
		{F9000378-51E2-458F-997D-DD7CE9668311}.Release|x64.Build.0 = Release|Any CPU
		{F9000378-51E2-458F-997D-DD7CE9668311}.Release|x86.ActiveCfg = Release|Any CPU
		{F9000378-51E2-458F-997D-DD7CE9668311}.Release|x86.Build.0 = Release|Any CPU
		{63ADC5FF-5C3A-48F8-824C-0A3D07BE5FB7}.Debug|Any CPU.ActiveCfg = Debug|Any CPU
		{63ADC5FF-5C3A-48F8-824C-0A3D07BE5FB7}.Debug|Any CPU.Build.0 = Debug|Any CPU
		{63ADC5FF-5C3A-48F8-824C-0A3D07BE5FB7}.Debug|x64.ActiveCfg = Debug|Any CPU
		{63ADC5FF-5C3A-48F8-824C-0A3D07BE5FB7}.Debug|x64.Build.0 = Debug|Any CPU
		{63ADC5FF-5C3A-48F8-824C-0A3D07BE5FB7}.Debug|x86.ActiveCfg = Debug|Any CPU
		{63ADC5FF-5C3A-48F8-824C-0A3D07BE5FB7}.Debug|x86.Build.0 = Debug|Any CPU
		{63ADC5FF-5C3A-48F8-824C-0A3D07BE5FB7}.Release|Any CPU.ActiveCfg = Release|Any CPU
		{63ADC5FF-5C3A-48F8-824C-0A3D07BE5FB7}.Release|Any CPU.Build.0 = Release|Any CPU
		{63ADC5FF-5C3A-48F8-824C-0A3D07BE5FB7}.Release|x64.ActiveCfg = Release|Any CPU
		{63ADC5FF-5C3A-48F8-824C-0A3D07BE5FB7}.Release|x64.Build.0 = Release|Any CPU
		{63ADC5FF-5C3A-48F8-824C-0A3D07BE5FB7}.Release|x86.ActiveCfg = Release|Any CPU
		{63ADC5FF-5C3A-48F8-824C-0A3D07BE5FB7}.Release|x86.Build.0 = Release|Any CPU
		{467DEE32-6C59-45B9-B9F9-E2DD473B4E8B}.Debug|Any CPU.ActiveCfg = Debug|Any CPU
		{467DEE32-6C59-45B9-B9F9-E2DD473B4E8B}.Debug|Any CPU.Build.0 = Debug|Any CPU
		{467DEE32-6C59-45B9-B9F9-E2DD473B4E8B}.Debug|x64.ActiveCfg = Debug|Any CPU
		{467DEE32-6C59-45B9-B9F9-E2DD473B4E8B}.Debug|x64.Build.0 = Debug|Any CPU
		{467DEE32-6C59-45B9-B9F9-E2DD473B4E8B}.Debug|x86.ActiveCfg = Debug|Any CPU
		{467DEE32-6C59-45B9-B9F9-E2DD473B4E8B}.Debug|x86.Build.0 = Debug|Any CPU
		{467DEE32-6C59-45B9-B9F9-E2DD473B4E8B}.Release|Any CPU.ActiveCfg = Release|Any CPU
		{467DEE32-6C59-45B9-B9F9-E2DD473B4E8B}.Release|Any CPU.Build.0 = Release|Any CPU
		{467DEE32-6C59-45B9-B9F9-E2DD473B4E8B}.Release|x64.ActiveCfg = Release|Any CPU
		{467DEE32-6C59-45B9-B9F9-E2DD473B4E8B}.Release|x64.Build.0 = Release|Any CPU
		{467DEE32-6C59-45B9-B9F9-E2DD473B4E8B}.Release|x86.ActiveCfg = Release|Any CPU
		{467DEE32-6C59-45B9-B9F9-E2DD473B4E8B}.Release|x86.Build.0 = Release|Any CPU
		{E1124878-55D0-428E-B1E4-13E5B2301E06}.Debug|Any CPU.ActiveCfg = Debug|Any CPU
		{E1124878-55D0-428E-B1E4-13E5B2301E06}.Debug|Any CPU.Build.0 = Debug|Any CPU
		{E1124878-55D0-428E-B1E4-13E5B2301E06}.Debug|x64.ActiveCfg = Debug|Any CPU
		{E1124878-55D0-428E-B1E4-13E5B2301E06}.Debug|x64.Build.0 = Debug|Any CPU
		{E1124878-55D0-428E-B1E4-13E5B2301E06}.Debug|x86.ActiveCfg = Debug|Any CPU
		{E1124878-55D0-428E-B1E4-13E5B2301E06}.Debug|x86.Build.0 = Debug|Any CPU
		{E1124878-55D0-428E-B1E4-13E5B2301E06}.Release|Any CPU.ActiveCfg = Release|Any CPU
		{E1124878-55D0-428E-B1E4-13E5B2301E06}.Release|Any CPU.Build.0 = Release|Any CPU
		{E1124878-55D0-428E-B1E4-13E5B2301E06}.Release|x64.ActiveCfg = Release|Any CPU
		{E1124878-55D0-428E-B1E4-13E5B2301E06}.Release|x64.Build.0 = Release|Any CPU
		{E1124878-55D0-428E-B1E4-13E5B2301E06}.Release|x86.ActiveCfg = Release|Any CPU
		{E1124878-55D0-428E-B1E4-13E5B2301E06}.Release|x86.Build.0 = Release|Any CPU
	EndGlobalSection
	GlobalSection(SolutionProperties) = preSolution
		HideSolutionNode = FALSE
	EndGlobalSection
	GlobalSection(NestedProjects) = preSolution
		{F9000378-51E2-458F-997D-DD7CE9668311} = {99912C0D-6045-4C1B-A246-94CF7B504B90}
		{63ADC5FF-5C3A-48F8-824C-0A3D07BE5FB7} = {99912C0D-6045-4C1B-A246-94CF7B504B90}
	EndGlobalSection
	GlobalSection(ExtensibilityGlobals) = postSolution
		SolutionGuid = {81E0D7E9-77B6-4E74-8978-C81D01C4C67F}
	EndGlobalSection
EndGlobal
